# THIS IS AN AUTOGENERATED FILE. DO NOT EDIT THIS FILE DIRECTLY.
# yarn lockfile v1


simple-svelte-autocomplete@^2.5.0:
  version "2.5.0"
  resolved "https://registry.yarnpkg.com/simple-svelte-autocomplete/-/simple-svelte-autocomplete-2.5.0.tgz#eb0297278f38f510866b2d982affe6f90d6a7f98"
  integrity sha512-UIhzFl7eeqKvXLD6xevdH58lRCxp0yk611WSkfjX7k0UEGibHrY4Pm2MfdjwZZtcP9XO63cbcCxgbPcsjgk1Fg==
